// !$*UTF8*$!
{
	archiveVersion = 1;
	classes = {
	};
	objectVersion = 46;
	objects = {

/* Begin PBXBuildFile section */
		B315A2891C931AE7005AA96B /* main.m in Sources */ = {isa = PBXBuildFile; fileRef = B315A2881C931AE7005AA96B /* main.m */; };
		B315A28C1C931AE7005AA96B /* AppDelegate.m in Sources */ = {isa = PBXBuildFile; fileRef = B315A28B1C931AE7005AA96B /* AppDelegate.m */; };
		B315A28F1C931AE7005AA96B /* ViewController.m in Sources */ = {isa = PBXBuildFile; fileRef = B315A28E1C931AE7005AA96B /* ViewController.m */; };
		B315A2921C931AE7005AA96B /* Main.storyboard in Resources */ = {isa = PBXBuildFile; fileRef = B315A2901C931AE7005AA96B /* Main.storyboard */; };
		B315A2941C931AE7005AA96B /* Assets.xcassets in Resources */ = {isa = PBXBuildFile; fileRef = B315A2931C931AE7005AA96B /* Assets.xcassets */; };
		B315A2971C931AE7005AA96B /* LaunchScreen.storyboard in Resources */ = {isa = PBXBuildFile; fileRef = B315A2951C931AE7005AA96B /* LaunchScreen.storyboard */; };
		B315A2A21C931AE7005AA96B /* CustomSchemePlaygroundTests.m in Sources */ = {isa = PBXBuildFile; fileRef = B315A2A11C931AE7005AA96B /* CustomSchemePlaygroundTests.m */; };
		B315A2AD1C931AE7005AA96B /* CustomSchemePlaygroundUITests.m in Sources */ = {isa = PBXBuildFile; fileRef = B315A2AC1C931AE7005AA96B /* CustomSchemePlaygroundUITests.m */; };
/* End PBXBuildFile section */

/* Begin PBXContainerItemProxy section */
		B315A29E1C931AE7005AA96B /* PBXContainerItemProxy */ = {
			isa = PBXContainerItemProxy;
			containerPortal = B315A27C1C931AE7005AA96B /* Project object */;
			proxyType = 1;
			remoteGlobalIDString = B315A2831C931AE7005AA96B;
			remoteInfo = CustomSchemePlayground;
		};
		B315A2A91C931AE7005AA96B /* PBXContainerItemProxy */ = {
			isa = PBXContainerItemProxy;
			containerPortal = B315A27C1C931AE7005AA96B /* Project object */;
			proxyType = 1;
			remoteGlobalIDString = B315A2831C931AE7005AA96B;
			remoteInfo = CustomSchemePlayground;
		};
/* End PBXContainerItemProxy section */

/* Begin PBXFileReference section */
		B315A2841C931AE7005AA96B /* CustomSchemePlayground.app */ = {isa = PBXFileReference; explicitFileType = wrapper.application; includeInIndex = 0; path = CustomSchemePlayground.app; sourceTree = BUILT_PRODUCTS_DIR; };
		B315A2881C931AE7005AA96B /* main.m */ = {isa = PBXFileReference; lastKnownFileType = sourcecode.c.objc; path = main.m; sourceTree = "<group>"; };
		B315A28A1C931AE7005AA96B /* AppDelegate.h */ = {isa = PBXFileReference; lastKnownFileType = sourcecode.c.h; path = AppDelegate.h; sourceTree = "<group>"; };
		B315A28B1C931AE7005AA96B /* AppDelegate.m */ = {isa = PBXFileReference; lastKnownFileType = sourcecode.c.objc; path = AppDelegate.m; sourceTree = "<group>"; };
		B315A28D1C931AE7005AA96B /* ViewController.h */ = {isa = PBXFileReference; lastKnownFileType = sourcecode.c.h; path = ViewController.h; sourceTree = "<group>"; };
		B315A28E1C931AE7005AA96B /* ViewController.m */ = {isa = PBXFileReference; lastKnownFileType = sourcecode.c.objc; path = ViewController.m; sourceTree = "<group>"; };
		B315A2911C931AE7005AA96B /* Base */ = {isa = PBXFileReference; lastKnownFileType = file.storyboard; name = Base; path = Base.lproj/Main.storyboard; sourceTree = "<group>"; };
		B315A2931C931AE7005AA96B /* Assets.xcassets */ = {isa = PBXFileReference; lastKnownFileType = folder.assetcatalog; path = Assets.xcassets; sourceTree = "<group>"; };
		B315A2961C931AE7005AA96B /* Base */ = {isa = PBXFileReference; lastKnownFileType = file.storyboard; name = Base; path = Base.lproj/LaunchScreen.storyboard; sourceTree = "<group>"; };
		B315A2981C931AE7005AA96B /* Info.plist */ = {isa = PBXFileReference; lastKnownFileType = text.plist.xml; path = Info.plist; sourceTree = "<group>"; };
		B315A29D1C931AE7005AA96B /* CustomSchemePlaygroundTests.xctest */ = {isa = PBXFileReference; explicitFileType = wrapper.cfbundle; includeInIndex = 0; path = CustomSchemePlaygroundTests.xctest; sourceTree = BUILT_PRODUCTS_DIR; };
		B315A2A11C931AE7005AA96B /* CustomSchemePlaygroundTests.m */ = {isa = PBXFileReference; lastKnownFileType = sourcecode.c.objc; path = CustomSchemePlaygroundTests.m; sourceTree = "<group>"; };
		B315A2A31C931AE7005AA96B /* Info.plist */ = {isa = PBXFileReference; lastKnownFileType = text.plist.xml; path = Info.plist; sourceTree = "<group>"; };
		B315A2A81C931AE7005AA96B /* CustomSchemePlaygroundUITests.xctest */ = {isa = PBXFileReference; explicitFileType = wrapper.cfbundle; includeInIndex = 0; path = CustomSchemePlaygroundUITests.xctest; sourceTree = BUILT_PRODUCTS_DIR; };
		B315A2AC1C931AE7005AA96B /* CustomSchemePlaygroundUITests.m */ = {isa = PBXFileReference; lastKnownFileType = sourcecode.c.objc; path = CustomSchemePlaygroundUITests.m; sourceTree = "<group>"; };
		B315A2AE1C931AE7005AA96B /* Info.plist */ = {isa = PBXFileReference; lastKnownFileType = text.plist.xml; path = Info.plist; sourceTree = "<group>"; };
/* End PBXFileReference section */

/* Begin PBXFrameworksBuildPhase section */
		B315A2811C931AE7005AA96B /* Frameworks */ = {
			isa = PBXFrameworksBuildPhase;
			buildActionMask = 2147483647;
			files = (
			);
			runOnlyForDeploymentPostprocessing = 0;
		};
		B315A29A1C931AE7005AA96B /* Frameworks */ = {
			isa = PBXFrameworksBuildPhase;
			buildActionMask = 2147483647;
			files = (
			);
			runOnlyForDeploymentPostprocessing = 0;
		};
		B315A2A51C931AE7005AA96B /* Frameworks */ = {
			isa = PBXFrameworksBuildPhase;
			buildActionMask = 2147483647;
			files = (
			);
			runOnlyForDeploymentPostprocessing = 0;
		};
/* End PBXFrameworksBuildPhase section */

/* Begin PBXGroup section */
		B315A27B1C931AE7005AA96B = {
			isa = PBXGroup;
			children = (
				B315A2861C931AE7005AA96B /* CustomSchemePlayground */,
				B315A2A01C931AE7005AA96B /* CustomSchemePlaygroundTests */,
				B315A2AB1C931AE7005AA96B /* CustomSchemePlaygroundUITests */,
				B315A2851C931AE7005AA96B /* Products */,
			);
			sourceTree = "<group>";
		};
		B315A2851C931AE7005AA96B /* Products */ = {
			isa = PBXGroup;
			children = (
				B315A2841C931AE7005AA96B /* CustomSchemePlayground.app */,
				B315A29D1C931AE7005AA96B /* CustomSchemePlaygroundTests.xctest */,
				B315A2A81C931AE7005AA96B /* CustomSchemePlaygroundUITests.xctest */,
			);
			name = Products;
			sourceTree = "<group>";
		};
		B315A2861C931AE7005AA96B /* CustomSchemePlayground */ = {
			isa = PBXGroup;
			children = (
				B315A28A1C931AE7005AA96B /* AppDelegate.h */,
				B315A28B1C931AE7005AA96B /* AppDelegate.m */,
				B315A28D1C931AE7005AA96B /* ViewController.h */,
				B315A28E1C931AE7005AA96B /* ViewController.m */,
				B315A2901C931AE7005AA96B /* Main.storyboard */,
				B315A2931C931AE7005AA96B /* Assets.xcassets */,
				B315A2951C931AE7005AA96B /* LaunchScreen.storyboard */,
				B315A2981C931AE7005AA96B /* Info.plist */,
				B315A2871C931AE7005AA96B /* Supporting Files */,
			);
			path = CustomSchemePlayground;
			sourceTree = "<group>";
		};
		B315A2871C931AE7005AA96B /* Supporting Files */ = {
			isa = PBXGroup;
			children = (
				B315A2881C931AE7005AA96B /* main.m */,
			);
			name = "Supporting Files";
			sourceTree = "<group>";
		};
		B315A2A01C931AE7005AA96B /* CustomSchemePlaygroundTests */ = {
			isa = PBXGroup;
			children = (
				B315A2A11C931AE7005AA96B /* CustomSchemePlaygroundTests.m */,
				B315A2A31C931AE7005AA96B /* Info.plist */,
			);
			path = CustomSchemePlaygroundTests;
			sourceTree = "<group>";
		};
		B315A2AB1C931AE7005AA96B /* CustomSchemePlaygroundUITests */ = {
			isa = PBXGroup;
			children = (
				B315A2AC1C931AE7005AA96B /* CustomSchemePlaygroundUITests.m */,
				B315A2AE1C931AE7005AA96B /* Info.plist */,
			);
			path = CustomSchemePlaygroundUITests;
			sourceTree = "<group>";
		};
/* End PBXGroup section */

/* Begin PBXNativeTarget section */
		B315A2831C931AE7005AA96B /* CustomSchemePlayground */ = {
			isa = PBXNativeTarget;
			buildConfigurationList = B315A2B11C931AE7005AA96B /* Build configuration list for PBXNativeTarget "CustomSchemePlayground" */;
			buildPhases = (
				B315A2801C931AE7005AA96B /* Sources */,
				B315A2811C931AE7005AA96B /* Frameworks */,
				B315A2821C931AE7005AA96B /* Resources */,
			);
			buildRules = (
			);
			dependencies = (
			);
			name = CustomSchemePlayground;
			productName = CustomSchemePlayground;
			productReference = B315A2841C931AE7005AA96B /* CustomSchemePlayground.app */;
			productType = "com.apple.product-type.application";
		};
		B315A29C1C931AE7005AA96B /* CustomSchemePlaygroundTests */ = {
			isa = PBXNativeTarget;
			buildConfigurationList = B315A2B41C931AE7005AA96B /* Build configuration list for PBXNativeTarget "CustomSchemePlaygroundTests" */;
			buildPhases = (
				B315A2991C931AE7005AA96B /* Sources */,
				B315A29A1C931AE7005AA96B /* Frameworks */,
				B315A29B1C931AE7005AA96B /* Resources */,
			);
			buildRules = (
			);
			dependencies = (
				B315A29F1C931AE7005AA96B /* PBXTargetDependency */,
			);
			name = CustomSchemePlaygroundTests;
			productName = CustomSchemePlaygroundTests;
			productReference = B315A29D1C931AE7005AA96B /* CustomSchemePlaygroundTests.xctest */;
			productType = "com.apple.product-type.bundle.unit-test";
		};
		B315A2A71C931AE7005AA96B /* CustomSchemePlaygroundUITests */ = {
			isa = PBXNativeTarget;
			buildConfigurationList = B315A2B71C931AE7005AA96B /* Build configuration list for PBXNativeTarget "CustomSchemePlaygroundUITests" */;
			buildPhases = (
				B315A2A41C931AE7005AA96B /* Sources */,
				B315A2A51C931AE7005AA96B /* Frameworks */,
				B315A2A61C931AE7005AA96B /* Resources */,
			);
			buildRules = (
			);
			dependencies = (
				B315A2AA1C931AE7005AA96B /* PBXTargetDependency */,
			);
			name = CustomSchemePlaygroundUITests;
			productName = CustomSchemePlaygroundUITests;
			productReference = B315A2A81C931AE7005AA96B /* CustomSchemePlaygroundUITests.xctest */;
			productType = "com.apple.product-type.bundle.ui-testing";
		};
/* End PBXNativeTarget section */

/* Begin PBXProject section */
		B315A27C1C931AE7005AA96B /* Project object */ = {
			isa = PBXProject;
			attributes = {
				LastUpgradeCheck = 0720;
				ORGANIZATIONNAME = "Leonid Kudryavtsev";
				TargetAttributes = {
					B315A2831C931AE7005AA96B = {
						CreatedOnToolsVersion = 7.2.1;
					};
					B315A29C1C931AE7005AA96B = {
						CreatedOnToolsVersion = 7.2.1;
						TestTargetID = B315A2831C931AE7005AA96B;
					};
					B315A2A71C931AE7005AA96B = {
						CreatedOnToolsVersion = 7.2.1;
						TestTargetID = B315A2831C931AE7005AA96B;
					};
				};
			};
			buildConfigurationList = B315A27F1C931AE7005AA96B /* Build configuration list for PBXProject "CustomSchemePlayground" */;
			compatibilityVersion = "Xcode 3.2";
			developmentRegion = English;
			hasScannedForEncodings = 0;
			knownRegions = (
				en,
				Base,
			);
			mainGroup = B315A27B1C931AE7005AA96B;
			productRefGroup = B315A2851C931AE7005AA96B /* Products */;
			projectDirPath = "";
			projectRoot = "";
			targets = (
				B315A2831C931AE7005AA96B /* CustomSchemePlayground */,
				B315A29C1C931AE7005AA96B /* CustomSchemePlaygroundTests */,
				B315A2A71C931AE7005AA96B /* CustomSchemePlaygroundUITests */,
			);
		};
/* End PBXProject section */

/* Begin PBXResourcesBuildPhase section */
		B315A2821C931AE7005AA96B /* Resources */ = {
			isa = PBXResourcesBuildPhase;
			buildActionMask = 2147483647;
			files = (
				B315A2971C931AE7005AA96B /* LaunchScreen.storyboard in Resources */,
				B315A2941C931AE7005AA96B /* Assets.xcassets in Resources */,
				B315A2921C931AE7005AA96B /* Main.storyboard in Resources */,
			);
			runOnlyForDeploymentPostprocessing = 0;
		};
		B315A29B1C931AE7005AA96B /* Resources */ = {
			isa = PBXResourcesBuildPhase;
			buildActionMask = 2147483647;
			files = (
			);
			runOnlyForDeploymentPostprocessing = 0;
		};
		B315A2A61C931AE7005AA96B /* Resources */ = {
			isa = PBXResourcesBuildPhase;
			buildActionMask = 2147483647;
			files = (
			);
			runOnlyForDeploymentPostprocessing = 0;
		};
/* End PBXResourcesBuildPhase section */

/* Begin PBXSourcesBuildPhase section */
		B315A2801C931AE7005AA96B /* Sources */ = {
			isa = PBXSourcesBuildPhase;
			buildActionMask = 2147483647;
			files = (
				B315A28F1C931AE7005AA96B /* ViewController.m in Sources */,
				B315A28C1C931AE7005AA96B /* AppDelegate.m in Sources */,
				B315A2891C931AE7005AA96B /* main.m in Sources */,
			);
			runOnlyForDeploymentPostprocessing = 0;
		};
		B315A2991C931AE7005AA96B /* Sources */ = {
			isa = PBXSourcesBuildPhase;
			buildActionMask = 2147483647;
			files = (
				B315A2A21C931AE7005AA96B /* CustomSchemePlaygroundTests.m in Sources */,
			);
			runOnlyForDeploymentPostprocessing = 0;
		};
		B315A2A41C931AE7005AA96B /* Sources */ = {
			isa = PBXSourcesBuildPhase;
			buildActionMask = 2147483647;
			files = (
				B315A2AD1C931AE7005AA96B /* CustomSchemePlaygroundUITests.m in Sources */,
			);
			runOnlyForDeploymentPostprocessing = 0;
		};
/* End PBXSourcesBuildPhase section */

/* Begin PBXTargetDependency section */
		B315A29F1C931AE7005AA96B /* PBXTargetDependency */ = {
			isa = PBXTargetDependency;
			target = B315A2831C931AE7005AA96B /* CustomSchemePlayground */;
			targetProxy = B315A29E1C931AE7005AA96B /* PBXContainerItemProxy */;
		};
		B315A2AA1C931AE7005AA96B /* PBXTargetDependency */ = {
			isa = PBXTargetDependency;
			target = B315A2831C931AE7005AA96B /* CustomSchemePlayground */;
			targetProxy = B315A2A91C931AE7005AA96B /* PBXContainerItemProxy */;
		};
/* End PBXTargetDependency section */

/* Begin PBXVariantGroup section */
		B315A2901C931AE7005AA96B /* Main.storyboard */ = {
			isa = PBXVariantGroup;
			children = (
				B315A2911C931AE7005AA96B /* Base */,
			);
			name = Main.storyboard;
			sourceTree = "<group>";
		};
		B315A2951C931AE7005AA96B /* LaunchScreen.storyboard */ = {
			isa = PBXVariantGroup;
			children = (
				B315A2961C931AE7005AA96B /* Base */,
			);
			name = LaunchScreen.storyboard;
			sourceTree = "<group>";
		};
/* End PBXVariantGroup section */

/* Begin XCBuildConfiguration section */
		B315A2AF1C931AE7005AA96B /* Debug */ = {
			isa = XCBuildConfiguration;
			buildSettings = {
				ALWAYS_SEARCH_USER_PATHS = NO;
				CLANG_CXX_LANGUAGE_STANDARD = "gnu++0x";
				CLANG_CXX_LIBRARY = "libc++";
				CLANG_ENABLE_MODULES = YES;
				CLANG_ENABLE_OBJC_ARC = YES;
				CLANG_WARN_BOOL_CONVERSION = YES;
				CLANG_WARN_CONSTANT_CONVERSION = YES;
				CLANG_WARN_DIRECT_OBJC_ISA_USAGE = YES_ERROR;
				CLANG_WARN_EMPTY_BODY = YES;
				CLANG_WARN_ENUM_CONVERSION = YES;
				CLANG_WARN_INT_CONVERSION = YES;
				CLANG_WARN_OBJC_ROOT_CLASS = YES_ERROR;
				CLANG_WARN_UNREACHABLE_CODE = YES;
				CLANG_WARN__DUPLICATE_METHOD_MATCH = YES;
				"CODE_SIGN_IDENTITY[sdk=iphoneos*]" = "iPhone Developer";
				COPY_PHASE_STRIP = NO;
				DEBUG_INFORMATION_FORMAT = dwarf;
				ENABLE_STRICT_OBJC_MSGSEND = YES;
				ENABLE_TESTABILITY = YES;
				GCC_C_LANGUAGE_STANDARD = gnu99;
				GCC_DYNAMIC_NO_PIC = NO;
				GCC_NO_COMMON_BLOCKS = YES;
				GCC_OPTIMIZATION_LEVEL = 0;
				GCC_PREPROCESSOR_DEFINITIONS = (
					"DEBUG=1",
					"$(inherited)",
				);
				GCC_WARN_64_TO_32_BIT_CONVERSION = YES;
				GCC_WARN_ABOUT_RETURN_TYPE = YES_ERROR;
				GCC_WARN_UNDECLARED_SELECTOR = YES;
				GCC_WARN_UNINITIALIZED_AUTOS = YES_AGGRESSIVE;
				GCC_WARN_UNUSED_FUNCTION = YES;
				GCC_WARN_UNUSED_VARIABLE = YES;
				IPHONEOS_DEPLOYMENT_TARGET = 9.2;
				MTL_ENABLE_DEBUG_INFO = YES;
				ONLY_ACTIVE_ARCH = YES;
				SDKROOT = iphoneos;
			};
			name = Debug;
		};
		B315A2B01C931AE7005AA96B /* Release */ = {
			isa = XCBuildConfiguration;
			buildSettings = {
				ALWAYS_SEARCH_USER_PATHS = NO;
				CLANG_CXX_LANGUAGE_STANDARD = "gnu++0x";
				CLANG_CXX_LIBRARY = "libc++";
				CLANG_ENABLE_MODULES = YES;
				CLANG_ENABLE_OBJC_ARC = YES;
				CLANG_WARN_BOOL_CONVERSION = YES;
				CLANG_WARN_CONSTANT_CONVERSION = YES;
				CLANG_WARN_DIRECT_OBJC_ISA_USAGE = YES_ERROR;
				CLANG_WARN_EMPTY_BODY = YES;
				CLANG_WARN_ENUM_CONVERSION = YES;
				CLANG_WARN_INT_CONVERSION = YES;
				CLANG_WARN_OBJC_ROOT_CLASS = YES_ERROR;
				CLANG_WARN_UNREACHABLE_CODE = YES;
				CLANG_WARN__DUPLICATE_METHOD_MATCH = YES;
				"CODE_SIGN_IDENTITY[sdk=iphoneos*]" = "iPhone Developer";
				COPY_PHASE_STRIP = NO;
				DEBUG_INFORMATION_FORMAT = "dwarf-with-dsym";
				ENABLE_NS_ASSERTIONS = NO;
				ENABLE_STRICT_OBJC_MSGSEND = YES;
				GCC_C_LANGUAGE_STANDARD = gnu99;
				GCC_NO_COMMON_BLOCKS = YES;
				GCC_WARN_64_TO_32_BIT_CONVERSION = YES;
				GCC_WARN_ABOUT_RETURN_TYPE = YES_ERROR;
				GCC_WARN_UNDECLARED_SELECTOR = YES;
				GCC_WARN_UNINITIALIZED_AUTOS = YES_AGGRESSIVE;
				GCC_WARN_UNUSED_FUNCTION = YES;
				GCC_WARN_UNUSED_VARIABLE = YES;
				IPHONEOS_DEPLOYMENT_TARGET = 9.2;
				MTL_ENABLE_DEBUG_INFO = NO;
				SDKROOT = iphoneos;
				VALIDATE_PRODUCT = YES;
			};
			name = Release;
		};
		B315A2B21C931AE7005AA96B /* Debug */ = {
			isa = XCBuildConfiguration;
			buildSettings = {
				ASSETCATALOG_COMPILER_APPICON_NAME = AppIcon;
				INFOPLIST_FILE = CustomSchemePlayground/Info.plist;
				LD_RUNPATH_SEARCH_PATHS = "$(inherited) @executable_path/Frameworks";
				PRODUCT_BUNDLE_IDENTIFIER = com.mobiquityinc.CustomSchemePlayground;
				PRODUCT_NAME = "$(TARGET_NAME)";
			};
			name = Debug;
		};
		B315A2B31C931AE7005AA96B /* Release */ = {
			isa = XCBuildConfiguration;
			buildSettings = {
				ASSETCATALOG_COMPILER_APPICON_NAME = AppIcon;
				INFOPLIST_FILE = CustomSchemePlayground/Info.plist;
				LD_RUNPATH_SEARCH_PATHS = "$(inherited) @executable_path/Frameworks";
				PRODUCT_BUNDLE_IDENTIFIER = com.mobiquityinc.CustomSchemePlayground;
				PRODUCT_NAME = "$(TARGET_NAME)";
			};
			name = Release;
		};
		B315A2B51C931AE7005AA96B /* Debug */ = {
			isa = XCBuildConfiguration;
			buildSettings = {
				BUNDLE_LOADER = "$(TEST_HOST)";
				INFOPLIST_FILE = CustomSchemePlaygroundTests/Info.plist;
				LD_RUNPATH_SEARCH_PATHS = "$(inherited) @executable_path/Frameworks @loader_path/Frameworks";
				PRODUCT_BUNDLE_IDENTIFIER = com.mobiquityinc.CustomSchemePlaygroundTests;
				PRODUCT_NAME = "$(TARGET_NAME)";
				TEST_HOST = "$(BUILT_PRODUCTS_DIR)/CustomSchemePlayground.app/CustomSchemePlayground";
			};
			name = Debug;
		};
		B315A2B61C931AE7005AA96B /* Release */ = {
			isa = XCBuildConfiguration;
			buildSettings = {
				BUNDLE_LOADER = "$(TEST_HOST)";
				INFOPLIST_FILE = CustomSchemePlaygroundTests/Info.plist;
				LD_RUNPATH_SEARCH_PATHS = "$(inherited) @executable_path/Frameworks @loader_path/Frameworks";
				PRODUCT_BUNDLE_IDENTIFIER = com.mobiquityinc.CustomSchemePlaygroundTests;
				PRODUCT_NAME = "$(TARGET_NAME)";
				TEST_HOST = "$(BUILT_PRODUCTS_DIR)/CustomSchemePlayground.app/CustomSchemePlayground";
			};
			name = Release;
		};
		B315A2B81C931AE7005AA96B /* Debug */ = {
			isa = XCBuildConfiguration;
			buildSettings = {
				INFOPLIST_FILE = CustomSchemePlaygroundUITests/Info.plist;
				LD_RUNPATH_SEARCH_PATHS = "$(inherited) @executable_path/Frameworks @loader_path/Frameworks";
				PRODUCT_BUNDLE_IDENTIFIER = com.mobiquityinc.CustomSchemePlaygroundUITests;
				PRODUCT_NAME = "$(TARGET_NAME)";
				TEST_TARGET_NAME = CustomSchemePlayground;
				USES_XCTRUNNER = YES;
			};
			name = Debug;
		};
		B315A2B91C931AE7005AA96B /* Release */ = {
			isa = XCBuildConfiguration;
			buildSettings = {
				INFOPLIST_FILE = CustomSchemePlaygroundUITests/Info.plist;
				LD_RUNPATH_SEARCH_PATHS = "$(inherited) @executable_path/Frameworks @loader_path/Frameworks";
				PRODUCT_BUNDLE_IDENTIFIER = com.mobiquityinc.CustomSchemePlaygroundUITests;
				PRODUCT_NAME = "$(TARGET_NAME)";
				TEST_TARGET_NAME = CustomSchemePlayground;
				USES_XCTRUNNER = YES;
			};
			name = Release;
		};
/* End XCBuildConfiguration section */

/* Begin XCConfigurationList section */
		B315A27F1C931AE7005AA96B /* Build configuration list for PBXProject "CustomSchemePlayground" */ = {
			isa = XCConfigurationList;
			buildConfigurations = (
				B315A2AF1C931AE7005AA96B /* Debug */,
				B315A2B01C931AE7005AA96B /* Release */,
			);
			defaultConfigurationIsVisible = 0;
			defaultConfigurationName = Release;
		};
		B315A2B11C931AE7005AA96B /* Build configuration list for PBXNativeTarget "CustomSchemePlayground" */ = {
			isa = XCConfigurationList;
			buildConfigurations = (
				B315A2B21C931AE7005AA96B /* Debug */,
				B315A2B31C931AE7005AA96B /* Release */,
			);
			defaultConfigurationIsVisible = 0;
		};
		B315A2B41C931AE7005AA96B /* Build configuration list for PBXNativeTarget "CustomSchemePlaygroundTests" */ = {
			isa = XCConfigurationList;
			buildConfigurations = (
				B315A2B51C931AE7005AA96B /* Debug */,
				B315A2B61C931AE7005AA96B /* Release */,
			);
			defaultConfigurationIsVisible = 0;
		};
		B315A2B71C931AE7005AA96B /* Build configuration list for PBXNativeTarget "CustomSchemePlaygroundUITests" */ = {
			isa = XCConfigurationList;
			buildConfigurations = (
				B315A2B81C931AE7005AA96B /* Debug */,
				B315A2B91C931AE7005AA96B /* Release */,
			);
			defaultConfigurationIsVisible = 0;
		};
/* End XCConfigurationList section */
	};
	rootObject = B315A27C1C931AE7005AA96B /* Project object */;
}
